version: 6
environments:
  default:
    channels:
    - url: https://conda.anaconda.org/conda-forge/
    packages:
      osx-arm64:
      - conda: https://conda.anaconda.org/conda-forge/osx-arm64/bzip2-1.0.8-h99b78c6_7.conda
      - conda: https://conda.anaconda.org/conda-forge/noarch/ca-certificates-2025.4.26-hbd8a1cb_0.conda
      - conda: https://conda.anaconda.org/conda-forge/osx-arm64/dart-sass-1.58.3-hce30654_1.conda
      - conda: https://conda.anaconda.org/conda-forge/osx-arm64/deno-1.46.3-hce30654_0.conda
      - conda: https://conda.anaconda.org/conda-forge/osx-arm64/deno-dom-0.1.41-hde76f7a_0.conda
      - conda: https://conda.anaconda.org/conda-forge/osx-arm64/esbuild-0.25.4-hce30654_0.conda
      - conda: https://conda.anaconda.org/conda-forge/osx-arm64/libffi-3.4.6-h1da3d7d_1.conda
      - conda: https://conda.anaconda.org/conda-forge/osx-arm64/liblzma-5.8.1-h39f12f2_1.conda
      - conda: https://conda.anaconda.org/conda-forge/osx-arm64/liblzma-devel-5.8.1-h39f12f2_1.conda
      - conda: https://conda.anaconda.org/conda-forge/osx-arm64/libsqlite-3.49.2-h3f77e49_0.conda
      - conda: https://conda.anaconda.org/conda-forge/osx-arm64/libzlib-1.3.1-h8359307_2.conda
      - conda: https://conda.anaconda.org/conda-forge/osx-arm64/ncurses-6.5-h5e97a16_3.conda
      - conda: https://conda.anaconda.org/conda-forge/osx-arm64/openssl-3.5.0-h81ee809_1.conda
      - conda: https://conda.anaconda.org/conda-forge/osx-arm64/pandoc-3.4-hce30654_0.conda
      - conda: https://conda.anaconda.org/conda-forge/osx-arm64/python-3.11.0-h3ba56d0_1_cpython.conda
      - conda: https://conda.anaconda.org/conda-forge/osx-arm64/quarto-1.6.43-hce30654_0.conda
      - conda: https://conda.anaconda.org/conda-forge/osx-arm64/readline-8.2-h1d1bf99_2.conda
      - conda: https://conda.anaconda.org/conda-forge/osx-arm64/tk-8.6.13-h5083fa2_1.conda
      - conda: https://conda.anaconda.org/conda-forge/osx-arm64/typst-0.11.0-ha5936a3_0.conda
      - conda: https://conda.anaconda.org/conda-forge/noarch/tzdata-2025b-h78e105d_0.conda
      - conda: https://conda.anaconda.org/conda-forge/osx-arm64/xz-5.8.1-h9a6d368_1.conda
      - conda: https://conda.anaconda.org/conda-forge/osx-arm64/xz-gpl-tools-5.8.1-h9a6d368_1.conda
      - conda: https://conda.anaconda.org/conda-forge/osx-arm64/xz-tools-5.8.1-h39f12f2_1.conda
packages:
- conda: https://conda.anaconda.org/conda-forge/osx-arm64/bzip2-1.0.8-h99b78c6_7.conda
  sha256: adfa71f158cbd872a36394c56c3568e6034aa55c623634b37a4836bd036e6b91
  md5: fc6948412dbbbe9a4c9ddbbcfe0a79ab
  depends:
  - __osx >=11.0
  license: bzip2-1.0.6
  license_family: BSD
  size: 122909
  timestamp: 1720974522888
- conda: https://conda.anaconda.org/conda-forge/noarch/ca-certificates-2025.4.26-hbd8a1cb_0.conda
  sha256: 2a70ed95ace8a3f8a29e6cd1476a943df294a7111dfb3e152e3478c4c889b7ac
  md5: 95db94f75ba080a22eb623590993167b
  depends:
  - __unix
  license: ISC
  size: 152283
  timestamp: 1745653616541
- conda: https://conda.anaconda.org/conda-forge/osx-arm64/dart-sass-1.58.3-hce30654_1.conda
  sha256: fcaf0653d18ccbc83845ddc41277bcf8394609bdaf3ccbafb48dcd4092a70c0d
  md5: 7282e188f57f69f03378f149fcb8acf8
  arch: arm64
  platform: osx
  license: MIT
  license_family: MIT
  size: 2544603
  timestamp: 1683598631146
- conda: https://conda.anaconda.org/conda-forge/osx-arm64/deno-1.46.3-hce30654_0.conda
  sha256: 6e6e06a5dbde738df5e1335cd71e1fd74c7539a7e4cb7b0571d6fd14811e00fe
  md5: d6f7f532d1897c514586996b0bcbcf91
  arch: arm64
  platform: osx
  license: MIT
  license_family: MIT
  size: 33913099
  timestamp: 1726022556352
- conda: https://conda.anaconda.org/conda-forge/osx-arm64/deno-dom-0.1.41-hde76f7a_0.conda
  sha256: 4a92d9c785bccae80961875900eb7b86149737b7a219e66b27dfcbfff4a1798b
  md5: 02bff7fa3d076f6351ef027cd682c6e4
  depends:
  - __osx >=11.0
  - deno >=1.24.2
  constrains:
  - __osx >=11.0
  arch: arm64
  platform: osx
  license: MIT
  license_family: MIT
  size: 367613
  timestamp: 1736703524102
- conda: https://conda.anaconda.org/conda-forge/osx-arm64/esbuild-0.25.4-hce30654_0.conda
  sha256: 87ec2a8d953392c019ab1fba02f8e23cabdfc6c32676a0ff61aec266562e8a88
  md5: a22aa0745625707cfc6e648ce7a8904b
  arch: arm64
  platform: osx
  license: MIT
  license_family: MIT
  size: 3530328
  timestamp: 1746558848151
- conda: https://conda.anaconda.org/conda-forge/osx-arm64/libffi-3.4.6-h1da3d7d_1.conda
  sha256: c6a530924a9b14e193ea9adfe92843de2a806d1b7dbfd341546ece9653129e60
  md5: c215a60c2935b517dcda8cad4705734d
  depends:
  - __osx >=11.0
  license: MIT
  license_family: MIT
  size: 39839
  timestamp: 1743434670405
- conda: https://conda.anaconda.org/conda-forge/osx-arm64/liblzma-5.8.1-h39f12f2_1.conda
  sha256: 5ab62c179229640c34491a7de806ad4ab7bec47ea2b5fc2136e3b8cf5ef26a57
  md5: 4e8ef3d79c97c9021b34d682c24c2044
  depends:
  - __osx >=11.0
  constrains:
  - xz 5.8.1.*
  - xz ==5.8.1=*_1
  license: 0BSD
  size: 92218
  timestamp: 1746531818330
- conda: https://conda.anaconda.org/conda-forge/osx-arm64/liblzma-devel-5.8.1-h39f12f2_1.conda
  sha256: 33a7e9b529c9dd0cf57ad4966bc407a4088ad8327b8d9801705eb37d34aa3cf0
  md5: 4a9561681f11aa4fb43f1bb7d209629c
  depends:
  - __osx >=11.0
  - liblzma 5.8.1 h39f12f2_1
  license: 0BSD
  size: 116401
  timestamp: 1746531844770
- conda: https://conda.anaconda.org/conda-forge/osx-arm64/libsqlite-3.49.2-h3f77e49_0.conda
  sha256: d89f979497cf56eccb099b6ab9558da7bba1f1ba264f50af554e0ea293d9dcf9
  md5: 85f443033cd5b3df82b5cabf79bddb09
  depends:
  - __osx >=11.0
  - libzlib >=1.3.1,<2.0a0
  license: Unlicense
  size: 899462
  timestamp: 1746637228408
- conda: https://conda.anaconda.org/conda-forge/osx-arm64/libzlib-1.3.1-h8359307_2.conda
  sha256: ce34669eadaba351cd54910743e6a2261b67009624dbc7daeeafdef93616711b
  md5: 369964e85dc26bfe78f41399b366c435
  depends:
  - __osx >=11.0
  constrains:
  - zlib 1.3.1 *_2
  license: Zlib
  license_family: Other
  size: 46438
  timestamp: 1727963202283
- conda: https://conda.anaconda.org/conda-forge/osx-arm64/ncurses-6.5-h5e97a16_3.conda
  sha256: 2827ada40e8d9ca69a153a45f7fd14f32b2ead7045d3bbb5d10964898fe65733
  md5: 068d497125e4bf8a66bf707254fff5ae
  depends:
  - __osx >=11.0
  license: X11 AND BSD-3-Clause
  size: 797030
  timestamp: 1738196177597
- conda: https://conda.anaconda.org/conda-forge/osx-arm64/openssl-3.5.0-h81ee809_1.conda
  sha256: 73d366c1597a10bcd5f3604b5f0734b31c23225536e03782c6a13f9be9d01bff
  md5: 5c7aef00ef60738a14e0e612cfc5bcde
  depends:
  - __osx >=11.0
  - ca-certificates
  license: Apache-2.0
  license_family: Apache
  size: 3064197
  timestamp: 1746223530698
- conda: https://conda.anaconda.org/conda-forge/osx-arm64/pandoc-3.4-hce30654_0.conda
  sha256: 5339fcdd5d0cd6d7335eb4a119b4ca704212b724d5d07c8e9454fad6d74d22a3
  md5: 01d8cd88a2b489220b58627a525c878b
  arch: arm64
  platform: osx
  license: GPL-2.0-or-later
  license_family: GPL
  size: 22931285
  timestamp: 1726013141944
- conda: https://conda.anaconda.org/conda-forge/osx-arm64/python-3.11.0-h3ba56d0_1_cpython.conda
  build_number: 1
  sha256: 28a54d78cd2624a12bd2ceb0f1816b0cba9b4fd97df846b5843b3c1d51642ab2
  md5: 2aa7ca3702d9afd323ca34a9d98879d1
  depends:
  - bzip2 >=1.0.8,<2.0a0
  - libffi >=3.4,<4.0a0
  - libsqlite >=3.40.0,<4.0a0
  - libzlib >=1.2.13,<2.0.0a0
  - ncurses >=6.3,<7.0a0
  - openssl >=3.0.7,<4.0a0
  - readline >=8.1.2,<9.0a0
  - tk >=8.6.12,<8.7.0a0
  - tzdata
  - xz >=5.2.6,<6.0a0
  constrains:
  - python_abi 3.11.* *_cp311
  license: Python-2.0
  size: 14492975
  timestamp: 1673699560906
- conda: https://conda.anaconda.org/conda-forge/osx-arm64/quarto-1.6.43-hce30654_0.conda
  sha256: cffc18323f23d149ad85c8301b36e757b16c7c97428db5b45ebca1b8488ae523
  md5: 6b3b5aa66157dcd79775313304d36daa
  depends:
  - dart-sass
  - deno >=1.46.3,<1.46.4.0a0
  - deno-dom >=0.1.41,<0.1.42.0a0
  - esbuild
  - pandoc 3.4
  - typst 0.11.0
  arch: arm64
  platform: osx
  license: MIT
  license_family: MIT
  size: 16277455
  timestamp: 1744147068554
- conda: https://conda.anaconda.org/conda-forge/osx-arm64/readline-8.2-h1d1bf99_2.conda
  sha256: 7db04684d3904f6151eff8673270922d31da1eea7fa73254d01c437f49702e34
  md5: 63ef3f6e6d6d5c589e64f11263dc5676
  depends:
  - ncurses >=6.5,<7.0a0
  license: GPL-3.0-only
  license_family: GPL
  size: 252359
  timestamp: 1740379663071
- conda: https://conda.anaconda.org/conda-forge/osx-arm64/tk-8.6.13-h5083fa2_1.conda
  sha256: 72457ad031b4c048e5891f3f6cb27a53cb479db68a52d965f796910e71a403a8
  md5: b50a57ba89c32b62428b71a875291c9b
  depends:
  - libzlib >=1.2.13,<2.0.0a0
  license: TCL
  license_family: BSD
  size: 3145523
  timestamp: 1699202432999
- conda: https://conda.anaconda.org/conda-forge/osx-arm64/typst-0.11.0-ha5936a3_0.conda
  sha256: c092295b591e681de6da2b90ca74a1452f8ea25b5825eaabccab3ac4d698ebed
  md5: 955b5a7e393fc686b1d96db926955f34
  constrains:
  - __osx >=11.0
  arch: arm64
  platform: osx
  license: Apache-2.0
  license_family: Apache
  size: 11136841
  timestamp: 1710533646921
- conda: https://conda.anaconda.org/conda-forge/noarch/tzdata-2025b-h78e105d_0.conda
  sha256: 5aaa366385d716557e365f0a4e9c3fca43ba196872abbbe3d56bb610d131e192
  md5: 4222072737ccff51314b5ece9c7d6f5a
  license: LicenseRef-Public-Domain
  size: 122968
  timestamp: 1742727099393
- conda: https://conda.anaconda.org/conda-forge/osx-arm64/xz-5.8.1-h9a6d368_1.conda
  sha256: 365f86baf9187c73072de09a257a4fe569e9dc321b1893107caf1d5fbb662cf7
  md5: b51d63218e537b65c03a1d712d859680
  depends:
  - __osx >=11.0
  - liblzma 5.8.1 h39f12f2_1
  - liblzma-devel 5.8.1 h39f12f2_1
  - xz-gpl-tools 5.8.1 h9a6d368_1
  - xz-tools 5.8.1 h39f12f2_1
  license: 0BSD AND LGPL-2.1-or-later AND GPL-2.0-or-later
  size: 23945
  timestamp: 1746531921863
- conda: https://conda.anaconda.org/conda-forge/osx-arm64/xz-gpl-tools-5.8.1-h9a6d368_1.conda
  sha256: 0978a1c2d104fb5c056d290d5b6f6e2291bf96938e14f4d4fc34207fdc2e64bc
  md5: 2b74c0fcf1423146e8a1b38e8edb9d18
  depends:
  - __osx >=11.0
  - liblzma 5.8.1 h39f12f2_1
  constrains:
  - xz 5.8.1.*
  - xz ==5.8.1=*_1
  license: 0BSD AND LGPL-2.1-or-later AND GPL-2.0-or-later
  size: 33633
  timestamp: 1746531896043
- conda: https://conda.anaconda.org/conda-forge/osx-arm64/xz-tools-5.8.1-h39f12f2_1.conda
  sha256: 703deddf649255c1e34ed479a0af6b2f66f0180a8fabfb845dbdff3bd8485f24
  md5: 697caaae49a3d00a508d64b0e09f1a31
  depends:
  - __osx >=11.0
  - liblzma 5.8.1 h39f12f2_1
  constrains:
  - xz 5.8.1.*
  - xz ==5.8.1=*_1
  license: 0BSD AND LGPL-2.1-or-later
  size: 85980
  timestamp: 1746531874100
